// !$*UTF8*$!
{
	archiveVersion = 1;
	classes = {
	};
	objectVersion = 51;
	objects = {

/* Begin PBXBuildFile section */
		BA57127F24B1D723005973AC /* AppDelegate.swift in Sources */ = {isa = PBXBuildFile; fileRef = BA57127E24B1D723005973AC /* AppDelegate.swift */; };
		BA57128124B1D723005973AC /* SceneDelegate.swift in Sources */ = {isa = PBXBuildFile; fileRef = BA57128024B1D723005973AC /* SceneDelegate.swift */; };
		BA57128324B1D723005973AC /* ViewController.swift in Sources */ = {isa = PBXBuildFile; fileRef = BA57128224B1D723005973AC /* ViewController.swift */; };
		BA57128624B1D723005973AC /* Main.storyboard in Resources */ = {isa = PBXBuildFile; fileRef = BA57128424B1D723005973AC /* Main.storyboard */; };
		BA57128824B1D725005973AC /* Assets.xcassets in Resources */ = {isa = PBXBuildFile; fileRef = BA57128724B1D725005973AC /* Assets.xcassets */; };
		BA57128B24B1D725005973AC /* LaunchScreen.storyboard in Resources */ = {isa = PBXBuildFile; fileRef = BA57128924B1D725005973AC /* LaunchScreen.storyboard */; };
		E8D6957843BD97F3DC717AB0 /* Pods_MapsTest.framework in Frameworks */ = {isa = PBXBuildFile; fileRef = 533BB806749C6B1F2346A45F /* Pods_MapsTest.framework */; };
/* End PBXBuildFile section */

/* Begin PBXFileReference section */
		0A6979533624AE07899F6F2F /* Pods-MapsTest.release.xcconfig */ = {isa = PBXFileReference; includeInIndex = 1; lastKnownFileType = text.xcconfig; name = "Pods-MapsTest.release.xcconfig"; path = "Target Support Files/Pods-MapsTest/Pods-MapsTest.release.xcconfig"; sourceTree = "<group>"; };
		533BB806749C6B1F2346A45F /* Pods_MapsTest.framework */ = {isa = PBXFileReference; explicitFileType = wrapper.framework; includeInIndex = 0; path = Pods_MapsTest.framework; sourceTree = BUILT_PRODUCTS_DIR; };
		BA57127B24B1D723005973AC /* MapsTest.app */ = {isa = PBXFileReference; explicitFileType = wrapper.application; includeInIndex = 0; path = MapsTest.app; sourceTree = BUILT_PRODUCTS_DIR; };
		BA57127E24B1D723005973AC /* AppDelegate.swift */ = {isa = PBXFileReference; lastKnownFileType = sourcecode.swift; path = AppDelegate.swift; sourceTree = "<group>"; };
		BA57128024B1D723005973AC /* SceneDelegate.swift */ = {isa = PBXFileReference; lastKnownFileType = sourcecode.swift; path = SceneDelegate.swift; sourceTree = "<group>"; };
		BA57128224B1D723005973AC /* ViewController.swift */ = {isa = PBXFileReference; lastKnownFileType = sourcecode.swift; path = ViewController.swift; sourceTree = "<group>"; };
		BA57128524B1D723005973AC /* Base */ = {isa = PBXFileReference; lastKnownFileType = file.storyboard; name = Base; path = Base.lproj/Main.storyboard; sourceTree = "<group>"; };
		BA57128724B1D725005973AC /* Assets.xcassets */ = {isa = PBXFileReference; lastKnownFileType = folder.assetcatalog; path = Assets.xcassets; sourceTree = "<group>"; };
		BA57128A24B1D725005973AC /* Base */ = {isa = PBXFileReference; lastKnownFileType = file.storyboard; name = Base; path = Base.lproj/LaunchScreen.storyboard; sourceTree = "<group>"; };
		BA57128C24B1D725005973AC /* Info.plist */ = {isa = PBXFileReference; lastKnownFileType = text.plist.xml; path = Info.plist; sourceTree = "<group>"; };
		D53505E752231A708B522764 /* Pods-MapsTest.debug.xcconfig */ = {isa = PBXFileReference; includeInIndex = 1; lastKnownFileType = text.xcconfig; name = "Pods-MapsTest.debug.xcconfig"; path = "Target Support Files/Pods-MapsTest/Pods-MapsTest.debug.xcconfig"; sourceTree = "<group>"; };
/* End PBXFileReference section */

/* Begin PBXFrameworksBuildPhase section */
		BA57127824B1D723005973AC /* Frameworks */ = {
			isa = PBXFrameworksBuildPhase;
			buildActionMask = 2147483647;
			files = (
				E8D6957843BD97F3DC717AB0 /* Pods_MapsTest.framework in Frameworks */,
			);
			runOnlyForDeploymentPostprocessing = 0;
		};
/* End PBXFrameworksBuildPhase section */

/* Begin PBXGroup section */
		0909A547041544236CA84419 /* Frameworks */ = {
			isa = PBXGroup;
			children = (
				533BB806749C6B1F2346A45F /* Pods_MapsTest.framework */,
			);
			name = Frameworks;
			sourceTree = "<group>";
		};
		2ED7AA2476975724ECBB6601 /* Pods */ = {
			isa = PBXGroup;
			children = (
				D53505E752231A708B522764 /* Pods-MapsTest.debug.xcconfig */,
				0A6979533624AE07899F6F2F /* Pods-MapsTest.release.xcconfig */,
			);
			path = Pods;
			sourceTree = "<group>";
		};
		BA57127224B1D723005973AC = {
			isa = PBXGroup;
			children = (
				BA57127D24B1D723005973AC /* MapsTest */,
				BA57127C24B1D723005973AC /* Products */,
				2ED7AA2476975724ECBB6601 /* Pods */,
				0909A547041544236CA84419 /* Frameworks */,
			);
			sourceTree = "<group>";
		};
		BA57127C24B1D723005973AC /* Products */ = {
			isa = PBXGroup;
			children = (
				BA57127B24B1D723005973AC /* MapsTest.app */,
			);
			name = Products;
			sourceTree = "<group>";
		};
		BA57127D24B1D723005973AC /* MapsTest */ = {
			isa = PBXGroup;
			children = (
				BA57127E24B1D723005973AC /* AppDelegate.swift */,
				BA57128024B1D723005973AC /* SceneDelegate.swift */,
				BA57128224B1D723005973AC /* ViewController.swift */,
				BA57128424B1D723005973AC /* Main.storyboard */,
				BA57128724B1D725005973AC /* Assets.xcassets */,
				BA57128924B1D725005973AC /* LaunchScreen.storyboard */,
				BA57128C24B1D725005973AC /* Info.plist */,
			);
			path = MapsTest;
			sourceTree = "<group>";
		};
/* End PBXGroup section */

/* Begin PBXNativeTarget section */
		BA57127A24B1D723005973AC /* MapsTest */ = {
			isa = PBXNativeTarget;
			buildConfigurationList = BA57128F24B1D725005973AC /* Build configuration list for PBXNativeTarget "MapsTest" */;
			buildPhases = (
				8F7C2A367A15D92A74296AC0 /* [CP] Check Pods Manifest.lock */,
				BA57127724B1D723005973AC /* Sources */,
				BA57127824B1D723005973AC /* Frameworks */,
				BA57127924B1D723005973AC /* Resources */,
				264279870B9312E10E7CE42E /* [CP] Embed Pods Frameworks */,
			);
			buildRules = (
			);
			dependencies = (
			);
			name = MapsTest;
			productName = MapsTest;
			productReference = BA57127B24B1D723005973AC /* MapsTest.app */;
			productType = "com.apple.product-type.application";
		};
/* End PBXNativeTarget section */

/* Begin PBXProject section */
		BA57127324B1D723005973AC /* Project object */ = {
			isa = PBXProject;
			attributes = {
				LastSwiftUpdateCheck = 1150;
				LastUpgradeCheck = 1150;
				ORGANIZATIONNAME = "Veaceslav Chirita";
				TargetAttributes = {
					BA57127A24B1D723005973AC = {
						CreatedOnToolsVersion = 11.5;
					};
				};
			};
			buildConfigurationList = BA57127624B1D723005973AC /* Build configuration list for PBXProject "MapsTest" */;
			compatibilityVersion = "Xcode 9.3";
			developmentRegion = en;
			hasScannedForEncodings = 0;
			knownRegions = (
				en,
				Base,
			);
			mainGroup = BA57127224B1D723005973AC;
			productRefGroup = BA57127C24B1D723005973AC /* Products */;
			projectDirPath = "";
			projectRoot = "";
			targets = (
				BA57127A24B1D723005973AC /* MapsTest */,
			);
		};
/* End PBXProject section */

/* Begin PBXResourcesBuildPhase section */
		BA57127924B1D723005973AC /* Resources */ = {
			isa = PBXResourcesBuildPhase;
			buildActionMask = 2147483647;
			files = (
				BA57128B24B1D725005973AC /* LaunchScreen.storyboard in Resources */,
				BA57128824B1D725005973AC /* Assets.xcassets in Resources */,
				BA57128624B1D723005973AC /* Main.storyboard in Resources */,
			);
			runOnlyForDeploymentPostprocessing = 0;
		};
/* End PBXResourcesBuildPhase section */

/* Begin PBXShellScriptBuildPhase section */
		264279870B9312E10E7CE42E /* [CP] Embed Pods Frameworks */ = {
			isa = PBXShellScriptBuildPhase;
			buildActionMask = 2147483647;
			files = (
			);
			inputFileListPaths = (
				"${PODS_ROOT}/Target Support Files/Pods-MapsTest/Pods-MapsTest-frameworks-${CONFIGURATION}-input-files.xcfilelist",
			);
			name = "[CP] Embed Pods Frameworks";
			outputFileListPaths = (
				"${PODS_ROOT}/Target Support Files/Pods-MapsTest/Pods-MapsTest-frameworks-${CONFIGURATION}-output-files.xcfilelist",
			);
			runOnlyForDeploymentPostprocessing = 0;
			shellPath = /bin/sh;
			shellScript = "\"${PODS_ROOT}/Target Support Files/Pods-MapsTest/Pods-MapsTest-frameworks.sh\"\n";
			showEnvVarsInLog = 0;
		};
		8F7C2A367A15D92A74296AC0 /* [CP] Check Pods Manifest.lock */ = {
			isa = PBXShellScriptBuildPhase;
			buildActionMask = 2147483647;
			files = (
			);
			inputFileListPaths = (
			);
			inputPaths = (
				"${PODS_PODFILE_DIR_PATH}/Podfile.lock",
				"${PODS_ROOT}/Manifest.lock",
			);
			name = "[CP] Check Pods Manifest.lock";
			outputFileListPaths = (
			);
			outputPaths = (
				"$(DERIVED_FILE_DIR)/Pods-MapsTest-checkManifestLockResult.txt",
			);
			runOnlyForDeploymentPostprocessing = 0;
			shellPath = /bin/sh;
			shellScript = "diff \"${PODS_PODFILE_DIR_PATH}/Podfile.lock\" \"${PODS_ROOT}/Manifest.lock\" > /dev/null\nif [ $? != 0 ] ; then\n    # print error to STDERR\n    echo \"error: The sandbox is not in sync with the Podfile.lock. Run 'pod install' or update your CocoaPods installation.\" >&2\n    exit 1\nfi\n# This output is used by Xcode 'outputs' to avoid re-running this script phase.\necho \"SUCCESS\" > \"${SCRIPT_OUTPUT_FILE_0}\"\n";
			showEnvVarsInLog = 0;
		};
/* End PBXShellScriptBuildPhase section */

/* Begin PBXSourcesBuildPhase section */
		BA57127724B1D723005973AC /* Sources */ = {
			isa = PBXSourcesBuildPhase;
			buildActionMask = 2147483647;
			files = (
				BA57128324B1D723005973AC /* ViewController.swift in Sources */,
				BA57127F24B1D723005973AC /* AppDelegate.swift in Sources */,
				BA57128124B1D723005973AC /* SceneDelegate.swift in Sources */,
			);
			runOnlyForDeploymentPostprocessing = 0;
		};
/* End PBXSourcesBuildPhase section */

/* Begin PBXVariantGroup section */
		BA57128424B1D723005973AC /* Main.storyboard */ = {
			isa = PBXVariantGroup;
			children = (
				BA57128524B1D723005973AC /* Base */,
			);
			name = Main.storyboard;
			sourceTree = "<group>";
		};
		BA57128924B1D725005973AC /* LaunchScreen.storyboard */ = {
			isa = PBXVariantGroup;
			children = (
				BA57128A24B1D725005973AC /* Base */,
			);
			name = LaunchScreen.storyboard;
			sourceTree = "<group>";
		};
/* End PBXVariantGroup section */

/* Begin XCBuildConfiguration section */
		BA57128D24B1D725005973AC /* Debug */ = {
			isa = XCBuildConfiguration;
			buildSettings = {
				ALWAYS_SEARCH_USER_PATHS = NO;
				CLANG_ANALYZER_NONNULL = YES;
				CLANG_ANALYZER_NUMBER_OBJECT_CONVERSION = YES_AGGRESSIVE;
				CLANG_CXX_LANGUAGE_STANDARD = "gnu++14";
				CLANG_CXX_LIBRARY = "libc++";
				CLANG_ENABLE_MODULES = YES;
				CLANG_ENABLE_OBJC_ARC = YES;
				CLANG_ENABLE_OBJC_WEAK = YES;
				CLANG_WARN_BLOCK_CAPTURE_AUTORELEASING = YES;
				CLANG_WARN_BOOL_CONVERSION = YES;
				CLANG_WARN_COMMA = YES;
				CLANG_WARN_CONSTANT_CONVERSION = YES;
				CLANG_WARN_DEPRECATED_OBJC_IMPLEMENTATIONS = YES;
				CLANG_WARN_DIRECT_OBJC_ISA_USAGE = YES_ERROR;
				CLANG_WARN_DOCUMENTATION_COMMENTS = YES;
				CLANG_WARN_EMPTY_BODY = YES;
				CLANG_WARN_ENUM_CONVERSION = YES;
				CLANG_WARN_INFINITE_RECURSION = YES;
				CLANG_WARN_INT_CONVERSION = YES;
				CLANG_WARN_NON_LITERAL_NULL_CONVERSION = YES;
				CLANG_WARN_OBJC_IMPLICIT_RETAIN_SELF = YES;
				CLANG_WARN_OBJC_LITERAL_CONVERSION = YES;
				CLANG_WARN_OBJC_ROOT_CLASS = YES_ERROR;
				CLANG_WARN_RANGE_LOOP_ANALYSIS = YES;
				CLANG_WARN_STRICT_PROTOTYPES = YES;
				CLANG_WARN_SUSPICIOUS_MOVE = YES;
				CLANG_WARN_UNGUARDED_AVAILABILITY = YES_AGGRESSIVE;
				CLANG_WARN_UNREACHABLE_CODE = YES;
				CLANG_WARN__DUPLICATE_METHOD_MATCH = YES;
				COPY_PHASE_STRIP = NO;
				DEBUG_INFORMATION_FORMAT = dwarf;
				ENABLE_STRICT_OBJC_MSGSEND = YES;
				ENABLE_TESTABILITY = YES;
				GCC_C_LANGUAGE_STANDARD = gnu11;
				GCC_DYNAMIC_NO_PIC = NO;
				GCC_NO_COMMON_BLOCKS = YES;
				GCC_OPTIMIZATION_LEVEL = 0;
				GCC_PREPROCESSOR_DEFINITIONS = (
					"DEBUG=1",
					"$(inherited)",
				);
				GCC_WARN_64_TO_32_BIT_CONVERSION = YES;
				GCC_WARN_ABOUT_RETURN_TYPE = YES_ERROR;
				GCC_WARN_UNDECLARED_SELECTOR = YES;
				GCC_WARN_UNINITIALIZED_AUTOS = YES_AGGRESSIVE;
				GCC_WARN_UNUSED_FUNCTION = YES;
				GCC_WARN_UNUSED_VARIABLE = YES;
				IPHONEOS_DEPLOYMENT_TARGET = 13.5;
				MTL_ENABLE_DEBUG_INFO = INCLUDE_SOURCE;
				MTL_FAST_MATH = YES;
				ONLY_ACTIVE_ARCH = YES;
				SDKROOT = iphoneos;
				SWIFT_ACTIVE_COMPILATION_CONDITIONS = DEBUG;
				SWIFT_OPTIMIZATION_LEVEL = "-Onone";
			};
			name = Debug;
		};
		BA57128E24B1D725005973AC /* Release */ = {
			isa = XCBuildConfiguration;
			buildSettings = {
				ALWAYS_SEARCH_USER_PATHS = NO;
				CLANG_ANALYZER_NONNULL = YES;
				CLANG_ANALYZER_NUMBER_OBJECT_CONVERSION = YES_AGGRESSIVE;
				CLANG_CXX_LANGUAGE_STANDARD = "gnu++14";
				CLANG_CXX_LIBRARY = "libc++";
				CLANG_ENABLE_MODULES = YES;
				CLANG_ENABLE_OBJC_ARC = YES;
				CLANG_ENABLE_OBJC_WEAK = YES;
				CLANG_WARN_BLOCK_CAPTURE_AUTORELEASING = YES;
				CLANG_WARN_BOOL_CONVERSION = YES;
				CLANG_WARN_COMMA = YES;
				CLANG_WARN_CONSTANT_CONVERSION = YES;
				CLANG_WARN_DEPRECATED_OBJC_IMPLEMENTATIONS = YES;
				CLANG_WARN_DIRECT_OBJC_ISA_USAGE = YES_ERROR;
				CLANG_WARN_DOCUMENTATION_COMMENTS = YES;
				CLANG_WARN_EMPTY_BODY = YES;
				CLANG_WARN_ENUM_CONVERSION = YES;
				CLANG_WARN_INFINITE_RECURSION = YES;
				CLANG_WARN_INT_CONVERSION = YES;
				CLANG_WARN_NON_LITERAL_NULL_CONVERSION = YES;
				CLANG_WARN_OBJC_IMPLICIT_RETAIN_SELF = YES;
				CLANG_WARN_OBJC_LITERAL_CONVERSION = YES;
				CLANG_WARN_OBJC_ROOT_CLASS = YES_ERROR;
				CLANG_WARN_RANGE_LOOP_ANALYSIS = YES;
				CLANG_WARN_STRICT_PROTOTYPES = YES;
				CLANG_WARN_SUSPICIOUS_MOVE = YES;
				CLANG_WARN_UNGUARDED_AVAILABILITY = YES_AGGRESSIVE;
				CLANG_WARN_UNREACHABLE_CODE = YES;
				CLANG_WARN__DUPLICATE_METHOD_MATCH = YES;
				COPY_PHASE_STRIP = NO;
				DEBUG_INFORMATION_FORMAT = "dwarf-with-dsym";
				ENABLE_NS_ASSERTIONS = NO;
				ENABLE_STRICT_OBJC_MSGSEND = YES;
				GCC_C_LANGUAGE_STANDARD = gnu11;
				GCC_NO_COMMON_BLOCKS = YES;
				GCC_WARN_64_TO_32_BIT_CONVERSION = YES;
				GCC_WARN_ABOUT_RETURN_TYPE = YES_ERROR;
				GCC_WARN_UNDECLARED_SELECTOR = YES;
				GCC_WARN_UNINITIALIZED_AUTOS = YES_AGGRESSIVE;
				GCC_WARN_UNUSED_FUNCTION = YES;
				GCC_WARN_UNUSED_VARIABLE = YES;
				IPHONEOS_DEPLOYMENT_TARGET = 13.5;
				MTL_ENABLE_DEBUG_INFO = NO;
				MTL_FAST_MATH = YES;
				SDKROOT = iphoneos;
				SWIFT_COMPILATION_MODE = wholemodule;
				SWIFT_OPTIMIZATION_LEVEL = "-O";
				VALIDATE_PRODUCT = YES;
			};
			name = Release;
		};
		BA57129024B1D725005973AC /* Debug */ = {
			isa = XCBuildConfiguration;
			baseConfigurationReference = D53505E752231A708B522764 /* Pods-MapsTest.debug.xcconfig */;
			buildSettings = {
				ASSETCATALOG_COMPILER_APPICON_NAME = AppIcon;
				CODE_SIGN_STYLE = Automatic;
				DEVELOPMENT_TEAM = 97AVL57GTN;
				INFOPLIST_FILE = MapsTest/Info.plist;
				LD_RUNPATH_SEARCH_PATHS = (
					"$(inherited)",
					"@executable_path/Frameworks",
				);
				PRODUCT_BUNDLE_IDENTIFIER = com.slava.mapstest.MapsTest;
				PRODUCT_NAME = "$(TARGET_NAME)";
				SWIFT_VERSION = 5.0;
				TARGETED_DEVICE_FAMILY = "1,2";
			};
			name = Debug;
		};
		BA57129124B1D725005973AC /* Release */ = {
			isa = XCBuildConfiguration;
			baseConfigurationReference = 0A6979533624AE07899F6F2F /* Pods-MapsTest.release.xcconfig */;
			buildSettings = {
				ASSETCATALOG_COMPILER_APPICON_NAME = AppIcon;
				CODE_SIGN_STYLE = Automatic;
				DEVELOPMENT_TEAM = 97AVL57GTN;
				INFOPLIST_FILE = MapsTest/Info.plist;
				LD_RUNPATH_SEARCH_PATHS = (
					"$(inherited)",
					"@executable_path/Frameworks",
				);
				PRODUCT_BUNDLE_IDENTIFIER = com.slava.mapstest.MapsTest;
				PRODUCT_NAME = "$(TARGET_NAME)";
				SWIFT_VERSION = 5.0;
				TARGETED_DEVICE_FAMILY = "1,2";
			};
			name = Release;
		};
/* End XCBuildConfiguration section */

/* Begin XCConfigurationList section */
		BA57127624B1D723005973AC /* Build configuration list for PBXProject "MapsTest" */ = {
			isa = XCConfigurationList;
			buildConfigurations = (
				BA57128D24B1D725005973AC /* Debug */,
				BA57128E24B1D725005973AC /* Release */,
			);
			defaultConfigurationIsVisible = 0;
			defaultConfigurationName = Release;
		};
		BA57128F24B1D725005973AC /* Build configuration list for PBXNativeTarget "MapsTest" */ = {
			isa = XCConfigurationList;
			buildConfigurations = (
				BA57129024B1D725005973AC /* Debug */,
				BA57129124B1D725005973AC /* Release */,
			);
			defaultConfigurationIsVisible = 0;
			defaultConfigurationName = Release;
		};
/* End XCConfigurationList section */
	};
	rootObject = BA57127324B1D723005973AC /* Project object */;
}
